dependencies:
  espressif/esp32-camera:
    dependencies: []
    source:
      path: C:\Users\Lapatopa\Documents\SCHOOL_WORK\Senior Design\ESP32\Sit_n_Chow_Main\components\espressif__esp32-camera
      type: local
    version: 2.1.4
  espressif/esp_jpeg:
    component_hash: defb83669293cbf86d0fa86b475ba5517aceed04ed70db435388c151ab37b5d7
    dependencies:
    - name: idf
      require: private
      version: '>=5.0'
    source:
      registry_url: https://components.espressif.com/
      type: service
    version: 1.3.1
  espressif/esp_websocket_client:
    dependencies: []
    source:
      path: C:\Users\Lapatopa\Documents\SCHOOL_WORK\Senior Design\ESP32\Sit_n_Chow_Main\components\espressif__esp_websocket_client
      type: local
    version: 1.6.1
  idf:
    source:
      type: idf
    version: 5.5.1
direct_dependencies:
- espressif/esp32-camera
- espressif/esp_jpeg
- espressif/esp_websocket_client
- idf
manifest_hash: d929eed653484a269a2e360e86af7c8211cc1ae44fea5ecb97a5aebf69871c69
target: esp32s3
version: 2.0.0
